{
  "version": 4,
  "terraform_version": "1.3.0",
  "serial": 8,
  "lineage": "effb60c8-a748-8dfb-aba5-7cb184bc64c4",
  "outputs": {
    "resource_group_id": {
      "value": "/subscriptions/137d0d67-adf7-41c9-aae3-194d9e4a6b6f/resourceGroups/test-rg",
      "type": "string"
    }
  },
  "resources": [
    {
      "mode": "managed",
      "type": "azurerm_resource_group",
      "name": "rg",
      "provider": "provider[\"registry.terraform.io/hashicorp/azurerm\"]",
      "instances": [
        {
          "schema_version": 0,
          "attributes": {
            "id": "/subscriptions/137d0d67-adf7-41c9-aae3-194d9e4a6b6f/resourceGroups/test-rg",
            "location": "australiasoutheast",
            "name": "test-rg",
            "tags": {
              "Environment": "Terraform Getting Started",
              "Team": "DevOps"
            },
            "timeouts": null
          },
          "sensitive_attributes": [],
          "private": "eyJlMmJmYjczMC1lY2FhLTExZTYtOGY4OC0zNDM2M2JjN2M0YzAiOnsiY3JlYXRlIjo1NDAwMDAwMDAwMDAwLCJkZWxldGUiOjU0MDAwMDAwMDAwMDAsInJlYWQiOjMwMDAwMDAwMDAwMCwidXBkYXRlIjo1NDAwMDAwMDAwMDAwfX0="
        }
      ]
    }
  ],
  "check_results": []
}
